
Microsoft Visual Studio Solution File, Format Version 10.00
# Visual Studio 2008
Project("{FAE04EC0-301F-11D3-BF4B-00C04F79EFBC}") = "PROJECT", "PROJECT\PROJECT.csproj", "{02DBA8CD-BD89-4571-8891-7C53FAEBE2AC}"
EndProject
Global
	GlobalSection(SolutionConfigurationPlatforms) = preSolution
		Debug|Any CPU = Debug|Any CPU
		Release|Any CPU = Release|Any CPU
	EndGlobalSection
	GlobalSection(ProjectConfigurationPlatforms) = postSolution
		{02DBA8CD-BD89-4571-8891-7C53FAEBE2AC}.Debug|Any CPU.ActiveCfg = Debug|Any CPU
		{02DBA8CD-BD89-4571-8891-7C53FAEBE2AC}.Debug|Any CPU.Build.0 = Debug|Any CPU
		{02DBA8CD-BD89-4571-8891-7C53FAEBE2AC}.Release|Any CPU.ActiveCfg = Release|Any CPU
		{02DBA8CD-BD89-4571-8891-7C53FAEBE2AC}.Release|Any CPU.Build.0 = Release|Any CPU
	EndGlobalSection
	GlobalSection(SolutionProperties) = preSolution
		HideSolutionNode = FALSE
	EndGlobalSection
EndGlobal
